
Microsoft Visual Studio Solution File, Format Version 12.00
# Visual Studio Version 17
VisualStudioVersion = 17.3.32804.467
MinimumVisualStudioVersion = 10.0.40219.1
Project("{FAE04EC0-301F-11D3-BF4B-00C04F79EFBC}") = "LOS2", "LOS2\LOS2.csproj", "{3F8F4841-1F5E-4E88-91DC-C445EDC822E0}"
EndProject
Global
	GlobalSection(SolutionConfigurationPlatforms) = preSolution
		Debug|Any CPU = Debug|Any CPU
		Release|Any CPU = Release|Any CPU
	EndGlobalSection
	GlobalSection(ProjectConfigurationPlatforms) = postSolution
		{3F8F4841-1F5E-4E88-91DC-C445EDC822E0}.Debug|Any CPU.ActiveCfg = Debug|Any CPU
		{3F8F4841-1F5E-4E88-91DC-C445EDC822E0}.Debug|Any CPU.Build.0 = Debug|Any CPU
		{3F8F4841-1F5E-4E88-91DC-C445EDC822E0}.Release|Any CPU.ActiveCfg = Release|Any CPU
		{3F8F4841-1F5E-4E88-91DC-C445EDC822E0}.Release|Any CPU.Build.0 = Release|Any CPU
	EndGlobalSection
	GlobalSection(SolutionProperties) = preSolution
		HideSolutionNode = FALSE
	EndGlobalSection
	GlobalSection(ExtensibilityGlobals) = postSolution
		SolutionGuid = {1F8B0D14-D21E-45AE-B96B-A26773E526B3}
	EndGlobalSection
EndGlobal
